// !$*UTF8*$!
{
	archiveVersion = 1;
	classes = {
	};
	objectVersion = 50;
	objects = {

/* Begin PBXBuildFile section */
		B60D6D848CB5A11B0FB5C385 /* Pods_Smack.framework in Frameworks */ = {isa = PBXBuildFile; fileRef = F118496499EDE70C7EA72892 /* Pods_Smack.framework */; };
		E31FF15F224708320019E8FD /* CreateAccountVC.swift in Sources */ = {isa = PBXBuildFile; fileRef = E31FF15E224708320019E8FD /* CreateAccountVC.swift */; };
		E37801DF223ECF1400FF8840 /* AppDelegate.swift in Sources */ = {isa = PBXBuildFile; fileRef = E37801DE223ECF1400FF8840 /* AppDelegate.swift */; };
		E37801E4223ECF1400FF8840 /* Main.storyboard in Resources */ = {isa = PBXBuildFile; fileRef = E37801E2223ECF1400FF8840 /* Main.storyboard */; };
		E37801E6223ECF1600FF8840 /* Assets.xcassets in Resources */ = {isa = PBXBuildFile; fileRef = E37801E5223ECF1600FF8840 /* Assets.xcassets */; };
		E37801E9223ECF1600FF8840 /* LaunchScreen.storyboard in Resources */ = {isa = PBXBuildFile; fileRef = E37801E7223ECF1600FF8840 /* LaunchScreen.storyboard */; };
		E37801F4223ED89900FF8840 /* SWRevealViewController.m in Sources */ = {isa = PBXBuildFile; fileRef = E37801F2223ED89900FF8840 /* SWRevealViewController.m */; };
		E37801F9224481E500FF8840 /* ChatVC.swift in Sources */ = {isa = PBXBuildFile; fileRef = E37801F8224481E500FF8840 /* ChatVC.swift */; };
		E37801FB224481F700FF8840 /* ChannelVC.swift in Sources */ = {isa = PBXBuildFile; fileRef = E37801FA224481F700FF8840 /* ChannelVC.swift */; };
		E37801FD22448DC600FF8840 /* GradientView.swift in Sources */ = {isa = PBXBuildFile; fileRef = E37801FC22448DC600FF8840 /* GradientView.swift */; };
		E37802002244997300FF8840 /* Constants.swift in Sources */ = {isa = PBXBuildFile; fileRef = E37801FF2244997300FF8840 /* Constants.swift */; };
		E37802022245981E00FF8840 /* LoginVC.swift in Sources */ = {isa = PBXBuildFile; fileRef = E37802012245981E00FF8840 /* LoginVC.swift */; };
/* End PBXBuildFile section */

/* Begin PBXFileReference section */
		18B619CDA3FE567A9D1A0783 /* Pods-Smack.release.xcconfig */ = {isa = PBXFileReference; includeInIndex = 1; lastKnownFileType = text.xcconfig; name = "Pods-Smack.release.xcconfig"; path = "Pods/Target Support Files/Pods-Smack/Pods-Smack.release.xcconfig"; sourceTree = "<group>"; };
		540D6CDF6357A60CF48CCFF9 /* Pods-Smack.debug.xcconfig */ = {isa = PBXFileReference; includeInIndex = 1; lastKnownFileType = text.xcconfig; name = "Pods-Smack.debug.xcconfig"; path = "Pods/Target Support Files/Pods-Smack/Pods-Smack.debug.xcconfig"; sourceTree = "<group>"; };
		E31FF15E224708320019E8FD /* CreateAccountVC.swift */ = {isa = PBXFileReference; lastKnownFileType = sourcecode.swift; path = CreateAccountVC.swift; sourceTree = "<group>"; };
		E37801DB223ECF1400FF8840 /* Smack.app */ = {isa = PBXFileReference; explicitFileType = wrapper.application; includeInIndex = 0; path = Smack.app; sourceTree = BUILT_PRODUCTS_DIR; };
		E37801DE223ECF1400FF8840 /* AppDelegate.swift */ = {isa = PBXFileReference; lastKnownFileType = sourcecode.swift; path = AppDelegate.swift; sourceTree = "<group>"; };
		E37801E3223ECF1400FF8840 /* Base */ = {isa = PBXFileReference; lastKnownFileType = file.storyboard; name = Base; path = Base.lproj/Main.storyboard; sourceTree = "<group>"; };
		E37801E5223ECF1600FF8840 /* Assets.xcassets */ = {isa = PBXFileReference; lastKnownFileType = folder.assetcatalog; path = Assets.xcassets; sourceTree = "<group>"; };
		E37801E8223ECF1600FF8840 /* Base */ = {isa = PBXFileReference; lastKnownFileType = file.storyboard; name = Base; path = Base.lproj/LaunchScreen.storyboard; sourceTree = "<group>"; };
		E37801EA223ECF1600FF8840 /* Info.plist */ = {isa = PBXFileReference; lastKnownFileType = text.plist.xml; path = Info.plist; sourceTree = "<group>"; };
		E37801F1223ED89800FF8840 /* Smack-Bridging-Header.h */ = {isa = PBXFileReference; lastKnownFileType = sourcecode.c.h; path = "Smack-Bridging-Header.h"; sourceTree = "<group>"; };
		E37801F2223ED89900FF8840 /* SWRevealViewController.m */ = {isa = PBXFileReference; fileEncoding = 4; lastKnownFileType = sourcecode.c.objc; path = SWRevealViewController.m; sourceTree = "<group>"; };
		E37801F3223ED89900FF8840 /* SWRevealViewController.h */ = {isa = PBXFileReference; fileEncoding = 4; lastKnownFileType = sourcecode.c.h; path = SWRevealViewController.h; sourceTree = "<group>"; };
		E37801F8224481E500FF8840 /* ChatVC.swift */ = {isa = PBXFileReference; lastKnownFileType = sourcecode.swift; path = ChatVC.swift; sourceTree = "<group>"; };
		E37801FA224481F700FF8840 /* ChannelVC.swift */ = {isa = PBXFileReference; lastKnownFileType = sourcecode.swift; path = ChannelVC.swift; sourceTree = "<group>"; };
		E37801FC22448DC600FF8840 /* GradientView.swift */ = {isa = PBXFileReference; lastKnownFileType = sourcecode.swift; path = GradientView.swift; sourceTree = "<group>"; };
		E37801FF2244997300FF8840 /* Constants.swift */ = {isa = PBXFileReference; lastKnownFileType = sourcecode.swift; path = Constants.swift; sourceTree = "<group>"; };
		E37802012245981E00FF8840 /* LoginVC.swift */ = {isa = PBXFileReference; lastKnownFileType = sourcecode.swift; path = LoginVC.swift; sourceTree = "<group>"; };
		F118496499EDE70C7EA72892 /* Pods_Smack.framework */ = {isa = PBXFileReference; explicitFileType = wrapper.framework; includeInIndex = 0; path = Pods_Smack.framework; sourceTree = BUILT_PRODUCTS_DIR; };
/* End PBXFileReference section */

/* Begin PBXFrameworksBuildPhase section */
		E37801D8223ECF1400FF8840 /* Frameworks */ = {
			isa = PBXFrameworksBuildPhase;
			buildActionMask = 2147483647;
			files = (
				B60D6D848CB5A11B0FB5C385 /* Pods_Smack.framework in Frameworks */,
			);
			runOnlyForDeploymentPostprocessing = 0;
		};
/* End PBXFrameworksBuildPhase section */

/* Begin PBXGroup section */
		BDB834E140EFDAF283513848 /* Frameworks */ = {
			isa = PBXGroup;
			children = (
				F118496499EDE70C7EA72892 /* Pods_Smack.framework */,
			);
			name = Frameworks;
			sourceTree = "<group>";
		};
		CBAD4BB03AC0FFDD4BC20117 /* Pods */ = {
			isa = PBXGroup;
			children = (
				540D6CDF6357A60CF48CCFF9 /* Pods-Smack.debug.xcconfig */,
				18B619CDA3FE567A9D1A0783 /* Pods-Smack.release.xcconfig */,
			);
			name = Pods;
			sourceTree = "<group>";
		};
		E37801D2223ECF1400FF8840 = {
			isa = PBXGroup;
			children = (
				E37801DD223ECF1400FF8840 /* Smack */,
				E37801DC223ECF1400FF8840 /* Products */,
				CBAD4BB03AC0FFDD4BC20117 /* Pods */,
				BDB834E140EFDAF283513848 /* Frameworks */,
			);
			sourceTree = "<group>";
		};
		E37801DC223ECF1400FF8840 /* Products */ = {
			isa = PBXGroup;
			children = (
				E37801DB223ECF1400FF8840 /* Smack.app */,
			);
			name = Products;
			sourceTree = "<group>";
		};
		E37801DD223ECF1400FF8840 /* Smack */ = {
			isa = PBXGroup;
			children = (
				E37801FE2244994500FF8840 /* Utilities */,
				E37801F72244815400FF8840 /* View */,
				E37801F62244814E00FF8840 /* Model */,
				E37801F52244813B00FF8840 /* Controller */,
				E37801F0223ED87F00FF8840 /* SupportingFiles */,
				E37801DE223ECF1400FF8840 /* AppDelegate.swift */,
				E37801E2223ECF1400FF8840 /* Main.storyboard */,
				E37801E5223ECF1600FF8840 /* Assets.xcassets */,
				E37801E7223ECF1600FF8840 /* LaunchScreen.storyboard */,
				E37801EA223ECF1600FF8840 /* Info.plist */,
			);
			path = Smack;
			sourceTree = "<group>";
		};
		E37801F0223ED87F00FF8840 /* SupportingFiles */ = {
			isa = PBXGroup;
			children = (
				E37801F3223ED89900FF8840 /* SWRevealViewController.h */,
				E37801F2223ED89900FF8840 /* SWRevealViewController.m */,
				E37801F1223ED89800FF8840 /* Smack-Bridging-Header.h */,
			);
			path = SupportingFiles;
			sourceTree = "<group>";
		};
		E37801F52244813B00FF8840 /* Controller */ = {
			isa = PBXGroup;
			children = (
				E37801F8224481E500FF8840 /* ChatVC.swift */,
				E37801FA224481F700FF8840 /* ChannelVC.swift */,
				E37802012245981E00FF8840 /* LoginVC.swift */,
				E31FF15E224708320019E8FD /* CreateAccountVC.swift */,
			);
			path = Controller;
			sourceTree = "<group>";
		};
		E37801F62244814E00FF8840 /* Model */ = {
			isa = PBXGroup;
			children = (
			);
			path = Model;
			sourceTree = "<group>";
		};
		E37801F72244815400FF8840 /* View */ = {
			isa = PBXGroup;
			children = (
				E37801FC22448DC600FF8840 /* GradientView.swift */,
			);
			path = View;
			sourceTree = "<group>";
		};
		E37801FE2244994500FF8840 /* Utilities */ = {
			isa = PBXGroup;
			children = (
				E37801FF2244997300FF8840 /* Constants.swift */,
			);
			path = Utilities;
			sourceTree = "<group>";
		};
/* End PBXGroup section */

/* Begin PBXNativeTarget section */
		E37801DA223ECF1400FF8840 /* Smack */ = {
			isa = PBXNativeTarget;
			buildConfigurationList = E37801ED223ECF1600FF8840 /* Build configuration list for PBXNativeTarget "Smack" */;
			buildPhases = (
				691C3A31EF8E63359BBA2EBE /* [CP] Check Pods Manifest.lock */,
				E37801D7223ECF1400FF8840 /* Sources */,
				E37801D8223ECF1400FF8840 /* Frameworks */,
				E37801D9223ECF1400FF8840 /* Resources */,
				FE0727F1D74FA2880DD3C69B /* [CP] Embed Pods Frameworks */,
			);
			buildRules = (
			);
			dependencies = (
			);
			name = Smack;
			productName = Smack;
			productReference = E37801DB223ECF1400FF8840 /* Smack.app */;
			productType = "com.apple.product-type.application";
		};
/* End PBXNativeTarget section */

/* Begin PBXProject section */
		E37801D3223ECF1400FF8840 /* Project object */ = {
			isa = PBXProject;
			attributes = {
				LastSwiftUpdateCheck = 1010;
				LastUpgradeCheck = 1010;
				ORGANIZATIONNAME = "miriam schnoll";
				TargetAttributes = {
					E37801DA223ECF1400FF8840 = {
						CreatedOnToolsVersion = 10.1;
						LastSwiftMigration = 1010;
					};
				};
			};
			buildConfigurationList = E37801D6223ECF1400FF8840 /* Build configuration list for PBXProject "Smack" */;
			compatibilityVersion = "Xcode 9.3";
			developmentRegion = en;
			hasScannedForEncodings = 0;
			knownRegions = (
				en,
				Base,
			);
			mainGroup = E37801D2223ECF1400FF8840;
			productRefGroup = E37801DC223ECF1400FF8840 /* Products */;
			projectDirPath = "";
			projectRoot = "";
			targets = (
				E37801DA223ECF1400FF8840 /* Smack */,
			);
		};
/* End PBXProject section */

/* Begin PBXResourcesBuildPhase section */
		E37801D9223ECF1400FF8840 /* Resources */ = {
			isa = PBXResourcesBuildPhase;
			buildActionMask = 2147483647;
			files = (
				E37801E9223ECF1600FF8840 /* LaunchScreen.storyboard in Resources */,
				E37801E6223ECF1600FF8840 /* Assets.xcassets in Resources */,
				E37801E4223ECF1400FF8840 /* Main.storyboard in Resources */,
			);
			runOnlyForDeploymentPostprocessing = 0;
		};
/* End PBXResourcesBuildPhase section */

/* Begin PBXShellScriptBuildPhase section */
		691C3A31EF8E63359BBA2EBE /* [CP] Check Pods Manifest.lock */ = {
			isa = PBXShellScriptBuildPhase;
			buildActionMask = 2147483647;
			files = (
			);
			inputPaths = (
				"${PODS_PODFILE_DIR_PATH}/Podfile.lock",
				"${PODS_ROOT}/Manifest.lock",
			);
			name = "[CP] Check Pods Manifest.lock";
			outputPaths = (
				"$(DERIVED_FILE_DIR)/Pods-Smack-checkManifestLockResult.txt",
			);
			runOnlyForDeploymentPostprocessing = 0;
			shellPath = /bin/sh;
			shellScript = "diff \"${PODS_PODFILE_DIR_PATH}/Podfile.lock\" \"${PODS_ROOT}/Manifest.lock\" > /dev/null\nif [ $? != 0 ] ; then\n    # print error to STDERR\n    echo \"error: The sandbox is not in sync with the Podfile.lock. Run 'pod install' or update your CocoaPods installation.\" >&2\n    exit 1\nfi\n# This output is used by Xcode 'outputs' to avoid re-running this script phase.\necho \"SUCCESS\" > \"${SCRIPT_OUTPUT_FILE_0}\"\n";
			showEnvVarsInLog = 0;
		};
		FE0727F1D74FA2880DD3C69B /* [CP] Embed Pods Frameworks */ = {
			isa = PBXShellScriptBuildPhase;
			buildActionMask = 2147483647;
			files = (
			);
			inputPaths = (
				"${SRCROOT}/Pods/Target Support Files/Pods-Smack/Pods-Smack-frameworks.sh",
				"${BUILT_PRODUCTS_DIR}/Alamofire/Alamofire.framework",
				"${BUILT_PRODUCTS_DIR}/Socket.IO-Client-Swift/SocketIO.framework",
				"${BUILT_PRODUCTS_DIR}/Starscream/Starscream.framework",
				"${BUILT_PRODUCTS_DIR}/SwiftyJSON/SwiftyJSON.framework",
			);
			name = "[CP] Embed Pods Frameworks";
			outputPaths = (
				"${TARGET_BUILD_DIR}/${FRAMEWORKS_FOLDER_PATH}/Alamofire.framework",
				"${TARGET_BUILD_DIR}/${FRAMEWORKS_FOLDER_PATH}/SocketIO.framework",
				"${TARGET_BUILD_DIR}/${FRAMEWORKS_FOLDER_PATH}/Starscream.framework",
				"${TARGET_BUILD_DIR}/${FRAMEWORKS_FOLDER_PATH}/SwiftyJSON.framework",
			);
			runOnlyForDeploymentPostprocessing = 0;
			shellPath = /bin/sh;
			shellScript = "\"${SRCROOT}/Pods/Target Support Files/Pods-Smack/Pods-Smack-frameworks.sh\"\n";
			showEnvVarsInLog = 0;
		};
/* End PBXShellScriptBuildPhase section */

/* Begin PBXSourcesBuildPhase section */
		E37801D7223ECF1400FF8840 /* Sources */ = {
			isa = PBXSourcesBuildPhase;
			buildActionMask = 2147483647;
			files = (
				E31FF15F224708320019E8FD /* CreateAccountVC.swift in Sources */,
				E37801FB224481F700FF8840 /* ChannelVC.swift in Sources */,
				E37801F9224481E500FF8840 /* ChatVC.swift in Sources */,
				E37802022245981E00FF8840 /* LoginVC.swift in Sources */,
				E37801FD22448DC600FF8840 /* GradientView.swift in Sources */,
				E37801DF223ECF1400FF8840 /* AppDelegate.swift in Sources */,
				E37801F4223ED89900FF8840 /* SWRevealViewController.m in Sources */,
				E37802002244997300FF8840 /* Constants.swift in Sources */,
			);
			runOnlyForDeploymentPostprocessing = 0;
		};
/* End PBXSourcesBuildPhase section */

/* Begin PBXVariantGroup section */
		E37801E2223ECF1400FF8840 /* Main.storyboard */ = {
			isa = PBXVariantGroup;
			children = (
				E37801E3223ECF1400FF8840 /* Base */,
			);
			name = Main.storyboard;
			sourceTree = "<group>";
		};
		E37801E7223ECF1600FF8840 /* LaunchScreen.storyboard */ = {
			isa = PBXVariantGroup;
			children = (
				E37801E8223ECF1600FF8840 /* Base */,
			);
			name = LaunchScreen.storyboard;
			sourceTree = "<group>";
		};
/* End PBXVariantGroup section */

/* Begin XCBuildConfiguration section */
		E37801EB223ECF1600FF8840 /* Debug */ = {
			isa = XCBuildConfiguration;
			buildSettings = {
				ALWAYS_SEARCH_USER_PATHS = NO;
				CLANG_ANALYZER_NONNULL = YES;
				CLANG_ANALYZER_NUMBER_OBJECT_CONVERSION = YES_AGGRESSIVE;
				CLANG_CXX_LANGUAGE_STANDARD = "gnu++14";
				CLANG_CXX_LIBRARY = "libc++";
				CLANG_ENABLE_MODULES = YES;
				CLANG_ENABLE_OBJC_ARC = YES;
				CLANG_ENABLE_OBJC_WEAK = YES;
				CLANG_WARN_BLOCK_CAPTURE_AUTORELEASING = YES;
				CLANG_WARN_BOOL_CONVERSION = YES;
				CLANG_WARN_COMMA = YES;
				CLANG_WARN_CONSTANT_CONVERSION = YES;
				CLANG_WARN_DEPRECATED_OBJC_IMPLEMENTATIONS = YES;
				CLANG_WARN_DIRECT_OBJC_ISA_USAGE = YES_ERROR;
				CLANG_WARN_DOCUMENTATION_COMMENTS = YES;
				CLANG_WARN_EMPTY_BODY = YES;
				CLANG_WARN_ENUM_CONVERSION = YES;
				CLANG_WARN_INFINITE_RECURSION = YES;
				CLANG_WARN_INT_CONVERSION = YES;
				CLANG_WARN_NON_LITERAL_NULL_CONVERSION = YES;
				CLANG_WARN_OBJC_IMPLICIT_RETAIN_SELF = YES;
				CLANG_WARN_OBJC_LITERAL_CONVERSION = YES;
				CLANG_WARN_OBJC_ROOT_CLASS = YES_ERROR;
				CLANG_WARN_RANGE_LOOP_ANALYSIS = YES;
				CLANG_WARN_STRICT_PROTOTYPES = YES;
				CLANG_WARN_SUSPICIOUS_MOVE = YES;
				CLANG_WARN_UNGUARDED_AVAILABILITY = YES_AGGRESSIVE;
				CLANG_WARN_UNREACHABLE_CODE = YES;
				CLANG_WARN__DUPLICATE_METHOD_MATCH = YES;
				CODE_SIGN_IDENTITY = "iPhone Developer";
				COPY_PHASE_STRIP = NO;
				DEBUG_INFORMATION_FORMAT = dwarf;
				ENABLE_STRICT_OBJC_MSGSEND = YES;
				ENABLE_TESTABILITY = YES;
				GCC_C_LANGUAGE_STANDARD = gnu11;
				GCC_DYNAMIC_NO_PIC = NO;
				GCC_NO_COMMON_BLOCKS = YES;
				GCC_OPTIMIZATION_LEVEL = 0;
				GCC_PREPROCESSOR_DEFINITIONS = (
					"DEBUG=1",
					"$(inherited)",
				);
				GCC_WARN_64_TO_32_BIT_CONVERSION = YES;
				GCC_WARN_ABOUT_RETURN_TYPE = YES_ERROR;
				GCC_WARN_UNDECLARED_SELECTOR = YES;
				GCC_WARN_UNINITIALIZED_AUTOS = YES_AGGRESSIVE;
				GCC_WARN_UNUSED_FUNCTION = YES;
				GCC_WARN_UNUSED_VARIABLE = YES;
				IPHONEOS_DEPLOYMENT_TARGET = 12.1;
				MTL_ENABLE_DEBUG_INFO = INCLUDE_SOURCE;
				MTL_FAST_MATH = YES;
				ONLY_ACTIVE_ARCH = YES;
				SDKROOT = iphoneos;
				SWIFT_ACTIVE_COMPILATION_CONDITIONS = DEBUG;
				SWIFT_OPTIMIZATION_LEVEL = "-Onone";
			};
			name = Debug;
		};
		E37801EC223ECF1600FF8840 /* Release */ = {
			isa = XCBuildConfiguration;
			buildSettings = {
				ALWAYS_SEARCH_USER_PATHS = NO;
				CLANG_ANALYZER_NONNULL = YES;
				CLANG_ANALYZER_NUMBER_OBJECT_CONVERSION = YES_AGGRESSIVE;
				CLANG_CXX_LANGUAGE_STANDARD = "gnu++14";
				CLANG_CXX_LIBRARY = "libc++";
				CLANG_ENABLE_MODULES = YES;
				CLANG_ENABLE_OBJC_ARC = YES;
				CLANG_ENABLE_OBJC_WEAK = YES;
				CLANG_WARN_BLOCK_CAPTURE_AUTORELEASING = YES;
				CLANG_WARN_BOOL_CONVERSION = YES;
				CLANG_WARN_COMMA = YES;
				CLANG_WARN_CONSTANT_CONVERSION = YES;
				CLANG_WARN_DEPRECATED_OBJC_IMPLEMENTATIONS = YES;
				CLANG_WARN_DIRECT_OBJC_ISA_USAGE = YES_ERROR;
				CLANG_WARN_DOCUMENTATION_COMMENTS = YES;
				CLANG_WARN_EMPTY_BODY = YES;
				CLANG_WARN_ENUM_CONVERSION = YES;
				CLANG_WARN_INFINITE_RECURSION = YES;
				CLANG_WARN_INT_CONVERSION = YES;
				CLANG_WARN_NON_LITERAL_NULL_CONVERSION = YES;
				CLANG_WARN_OBJC_IMPLICIT_RETAIN_SELF = YES;
				CLANG_WARN_OBJC_LITERAL_CONVERSION = YES;
				CLANG_WARN_OBJC_ROOT_CLASS = YES_ERROR;
				CLANG_WARN_RANGE_LOOP_ANALYSIS = YES;
				CLANG_WARN_STRICT_PROTOTYPES = YES;
				CLANG_WARN_SUSPICIOUS_MOVE = YES;
				CLANG_WARN_UNGUARDED_AVAILABILITY = YES_AGGRESSIVE;
				CLANG_WARN_UNREACHABLE_CODE = YES;
				CLANG_WARN__DUPLICATE_METHOD_MATCH = YES;
				CODE_SIGN_IDENTITY = "iPhone Developer";
				COPY_PHASE_STRIP = NO;
				DEBUG_INFORMATION_FORMAT = "dwarf-with-dsym";
				ENABLE_NS_ASSERTIONS = NO;
				ENABLE_STRICT_OBJC_MSGSEND = YES;
				GCC_C_LANGUAGE_STANDARD = gnu11;
				GCC_NO_COMMON_BLOCKS = YES;
				GCC_WARN_64_TO_32_BIT_CONVERSION = YES;
				GCC_WARN_ABOUT_RETURN_TYPE = YES_ERROR;
				GCC_WARN_UNDECLARED_SELECTOR = YES;
				GCC_WARN_UNINITIALIZED_AUTOS = YES_AGGRESSIVE;
				GCC_WARN_UNUSED_FUNCTION = YES;
				GCC_WARN_UNUSED_VARIABLE = YES;
				IPHONEOS_DEPLOYMENT_TARGET = 12.1;
				MTL_ENABLE_DEBUG_INFO = NO;
				MTL_FAST_MATH = YES;
				SDKROOT = iphoneos;
				SWIFT_COMPILATION_MODE = wholemodule;
				SWIFT_OPTIMIZATION_LEVEL = "-O";
				VALIDATE_PRODUCT = YES;
			};
			name = Release;
		};
		E37801EE223ECF1600FF8840 /* Debug */ = {
			isa = XCBuildConfiguration;
			baseConfigurationReference = 540D6CDF6357A60CF48CCFF9 /* Pods-Smack.debug.xcconfig */;
			buildSettings = {
				ASSETCATALOG_COMPILER_APPICON_NAME = AppIcon;
				CLANG_ENABLE_MODULES = YES;
				CODE_SIGN_STYLE = Automatic;
				DEVELOPMENT_TEAM = RZ32725P8H;
				INFOPLIST_FILE = Smack/Info.plist;
				LD_RUNPATH_SEARCH_PATHS = (
					"$(inherited)",
					"@executable_path/Frameworks",
				);
				PRODUCT_BUNDLE_IDENTIFIER = miriamschnoll.Smack;
				PRODUCT_NAME = "$(TARGET_NAME)";
				SWIFT_OBJC_BRIDGING_HEADER = "Smack/SupportingFiles/Smack-Bridging-Header.h";
				SWIFT_OPTIMIZATION_LEVEL = "-Onone";
				SWIFT_VERSION = 4.2;
				TARGETED_DEVICE_FAMILY = "1,2";
			};
			name = Debug;
		};
		E37801EF223ECF1600FF8840 /* Release */ = {
			isa = XCBuildConfiguration;
			baseConfigurationReference = 18B619CDA3FE567A9D1A0783 /* Pods-Smack.release.xcconfig */;
			buildSettings = {
				ASSETCATALOG_COMPILER_APPICON_NAME = AppIcon;
				CLANG_ENABLE_MODULES = YES;
				CODE_SIGN_STYLE = Automatic;
				DEVELOPMENT_TEAM = RZ32725P8H;
				INFOPLIST_FILE = Smack/Info.plist;
				LD_RUNPATH_SEARCH_PATHS = (
					"$(inherited)",
					"@executable_path/Frameworks",
				);
				PRODUCT_BUNDLE_IDENTIFIER = miriamschnoll.Smack;
				PRODUCT_NAME = "$(TARGET_NAME)";
				SWIFT_OBJC_BRIDGING_HEADER = "Smack/SupportingFiles/Smack-Bridging-Header.h";
				SWIFT_VERSION = 4.2;
				TARGETED_DEVICE_FAMILY = "1,2";
			};
			name = Release;
		};
/* End XCBuildConfiguration section */

/* Begin XCConfigurationList section */
		E37801D6223ECF1400FF8840 /* Build configuration list for PBXProject "Smack" */ = {
			isa = XCConfigurationList;
			buildConfigurations = (
				E37801EB223ECF1600FF8840 /* Debug */,
				E37801EC223ECF1600FF8840 /* Release */,
			);
			defaultConfigurationIsVisible = 0;
			defaultConfigurationName = Release;
		};
		E37801ED223ECF1600FF8840 /* Build configuration list for PBXNativeTarget "Smack" */ = {
			isa = XCConfigurationList;
			buildConfigurations = (
				E37801EE223ECF1600FF8840 /* Debug */,
				E37801EF223ECF1600FF8840 /* Release */,
			);
			defaultConfigurationIsVisible = 0;
			defaultConfigurationName = Release;
		};
/* End XCConfigurationList section */
	};
	rootObject = E37801D3223ECF1400FF8840 /* Project object */;
}
